
Microsoft Visual Studio Solution File, Format Version 12.00
# Visual Studio Version 17
VisualStudioVersion = 17.5.33627.172
MinimumVisualStudioVersion = 10.0.40219.1
Project("{FAE04EC0-301F-11D3-BF4B-00C04F79EFBC}") = "IofXmlTransform", "IofXmlTransform\IofXmlTransform.csproj", "{1D7CA6C2-45D7-4F5E-B321-95DE5A8E0EE2}"
EndProject
Global
	GlobalSection(SolutionConfigurationPlatforms) = preSolution
		Debug|Any CPU = Debug|Any CPU
		Release|Any CPU = Release|Any CPU
	EndGlobalSection
	GlobalSection(ProjectConfigurationPlatforms) = postSolution
		{1D7CA6C2-45D7-4F5E-B321-95DE5A8E0EE2}.Debug|Any CPU.ActiveCfg = Debug|Any CPU
		{1D7CA6C2-45D7-4F5E-B321-95DE5A8E0EE2}.Debug|Any CPU.Build.0 = Debug|Any CPU
		{1D7CA6C2-45D7-4F5E-B321-95DE5A8E0EE2}.Release|Any CPU.ActiveCfg = Release|Any CPU
		{1D7CA6C2-45D7-4F5E-B321-95DE5A8E0EE2}.Release|Any CPU.Build.0 = Release|Any CPU
	EndGlobalSection
	GlobalSection(SolutionProperties) = preSolution
		HideSolutionNode = FALSE
	EndGlobalSection
	GlobalSection(ExtensibilityGlobals) = postSolution
		SolutionGuid = {DC5D6D2E-A818-40BD-B5F9-1CFECA2E9C2F}
	EndGlobalSection
EndGlobal
